
Microsoft Visual Studio Solution File, Format Version 12.00
# Visual Studio Version 17
VisualStudioVersion = 17.11.35219.272
MinimumVisualStudioVersion = 10.0.40219.1
Project("{9A19103F-16F7-4668-BE54-9A1E7A4F7556}") = "TestApp", "TestApp\TestApp.csproj", "{C8E7F0A3-72D2-4CCC-A3FA-4E0DC42A90B4}"
EndProject
Project("{FAE04EC0-301F-11D3-BF4B-00C04F79EFBC}") = "UnitTest", "UnitTest\UnitTest.csproj", "{7308C0BA-C7E5-4CAD-A7BD-A81693D6AC48}"
EndProject
Global
	GlobalSection(SolutionConfigurationPlatforms) = preSolution
		Debug|Any CPU = Debug|Any CPU
		Release|Any CPU = Release|Any CPU
	EndGlobalSection
	GlobalSection(ProjectConfigurationPlatforms) = postSolution
		{C8E7F0A3-72D2-4CCC-A3FA-4E0DC42A90B4}.Debug|Any CPU.ActiveCfg = Debug|Any CPU
		{C8E7F0A3-72D2-4CCC-A3FA-4E0DC42A90B4}.Debug|Any CPU.Build.0 = Debug|Any CPU
		{C8E7F0A3-72D2-4CCC-A3FA-4E0DC42A90B4}.Release|Any CPU.ActiveCfg = Release|Any CPU
		{C8E7F0A3-72D2-4CCC-A3FA-4E0DC42A90B4}.Release|Any CPU.Build.0 = Release|Any CPU
		{7308C0BA-C7E5-4CAD-A7BD-A81693D6AC48}.Debug|Any CPU.ActiveCfg = Debug|Any CPU
		{7308C0BA-C7E5-4CAD-A7BD-A81693D6AC48}.Debug|Any CPU.Build.0 = Debug|Any CPU
		{7308C0BA-C7E5-4CAD-A7BD-A81693D6AC48}.Release|Any CPU.ActiveCfg = Release|Any CPU
		{7308C0BA-C7E5-4CAD-A7BD-A81693D6AC48}.Release|Any CPU.Build.0 = Release|Any CPU
	EndGlobalSection
	GlobalSection(SolutionProperties) = preSolution
		HideSolutionNode = FALSE
	EndGlobalSection
	GlobalSection(ExtensibilityGlobals) = postSolution
		SolutionGuid = {8BDDE1D8-38AA-4B0B-9B34-19C1CBD0660B}
	EndGlobalSection
EndGlobal
